// !$*UTF8*$!
{
	archiveVersion = 1;
	classes = {
	};
	objectVersion = 56;
	objects = {

/* Begin PBXBuildFile section */
		55309C7D2B08238800F738EC /* AppDelegate.swift in Sources */ = {isa = PBXBuildFile; fileRef = 55309C7C2B08238800F738EC /* AppDelegate.swift */; };
		55309C7F2B08238800F738EC /* SceneDelegate.swift in Sources */ = {isa = PBXBuildFile; fileRef = 55309C7E2B08238800F738EC /* SceneDelegate.swift */; };
		55309C812B08238800F738EC /* ViewController.swift in Sources */ = {isa = PBXBuildFile; fileRef = 55309C802B08238800F738EC /* ViewController.swift */; };
		55309C842B08238800F738EC /* Main.storyboard in Resources */ = {isa = PBXBuildFile; fileRef = 55309C822B08238800F738EC /* Main.storyboard */; };
		55309C862B08238900F738EC /* Assets.xcassets in Resources */ = {isa = PBXBuildFile; fileRef = 55309C852B08238900F738EC /* Assets.xcassets */; };
		55309C892B08238900F738EC /* LaunchScreen.storyboard in Resources */ = {isa = PBXBuildFile; fileRef = 55309C872B08238900F738EC /* LaunchScreen.storyboard */; };
		55309C942B08238900F738EC /* pokedex2Tests.swift in Sources */ = {isa = PBXBuildFile; fileRef = 55309C932B08238900F738EC /* pokedex2Tests.swift */; };
		55309C9E2B08238900F738EC /* pokedex2UITests.swift in Sources */ = {isa = PBXBuildFile; fileRef = 55309C9D2B08238900F738EC /* pokedex2UITests.swift */; };
		55309CA02B08238900F738EC /* pokedex2UITestsLaunchTests.swift in Sources */ = {isa = PBXBuildFile; fileRef = 55309C9F2B08238900F738EC /* pokedex2UITestsLaunchTests.swift */; };
		55309CAD2B08241400F738EC /* PokemonListTbleViewController.swift in Sources */ = {isa = PBXBuildFile; fileRef = 55309CAC2B08241400F738EC /* PokemonListTbleViewController.swift */; };
		55309CAF2B0825CF00F738EC /* PokemonListViewModel.swift in Sources */ = {isa = PBXBuildFile; fileRef = 55309CAE2B0825CF00F738EC /* PokemonListViewModel.swift */; };
		55309CB12B08271800F738EC /* pokemon_list.json in Resources */ = {isa = PBXBuildFile; fileRef = 55309CB02B08271800F738EC /* pokemon_list.json */; };
		55309CB32B08279000F738EC /* Pokemon.swift in Sources */ = {isa = PBXBuildFile; fileRef = 55309CB22B08279000F738EC /* Pokemon.swift */; };
/* End PBXBuildFile section */

/* Begin PBXContainerItemProxy section */
		55309C902B08238900F738EC /* PBXContainerItemProxy */ = {
			isa = PBXContainerItemProxy;
			containerPortal = 55309C712B08238800F738EC /* Project object */;
			proxyType = 1;
			remoteGlobalIDString = 55309C782B08238800F738EC;
			remoteInfo = pokedex2;
		};
		55309C9A2B08238900F738EC /* PBXContainerItemProxy */ = {
			isa = PBXContainerItemProxy;
			containerPortal = 55309C712B08238800F738EC /* Project object */;
			proxyType = 1;
			remoteGlobalIDString = 55309C782B08238800F738EC;
			remoteInfo = pokedex2;
		};
/* End PBXContainerItemProxy section */

/* Begin PBXFileReference section */
		55309C792B08238800F738EC /* pokedex2.app */ = {isa = PBXFileReference; explicitFileType = wrapper.application; includeInIndex = 0; path = pokedex2.app; sourceTree = BUILT_PRODUCTS_DIR; };
		55309C7C2B08238800F738EC /* AppDelegate.swift */ = {isa = PBXFileReference; lastKnownFileType = sourcecode.swift; path = AppDelegate.swift; sourceTree = "<group>"; };
		55309C7E2B08238800F738EC /* SceneDelegate.swift */ = {isa = PBXFileReference; lastKnownFileType = sourcecode.swift; path = SceneDelegate.swift; sourceTree = "<group>"; };
		55309C802B08238800F738EC /* ViewController.swift */ = {isa = PBXFileReference; lastKnownFileType = sourcecode.swift; path = ViewController.swift; sourceTree = "<group>"; };
		55309C832B08238800F738EC /* Base */ = {isa = PBXFileReference; lastKnownFileType = file.storyboard; name = Base; path = Base.lproj/Main.storyboard; sourceTree = "<group>"; };
		55309C852B08238900F738EC /* Assets.xcassets */ = {isa = PBXFileReference; lastKnownFileType = folder.assetcatalog; path = Assets.xcassets; sourceTree = "<group>"; };
		55309C882B08238900F738EC /* Base */ = {isa = PBXFileReference; lastKnownFileType = file.storyboard; name = Base; path = Base.lproj/LaunchScreen.storyboard; sourceTree = "<group>"; };
		55309C8A2B08238900F738EC /* Info.plist */ = {isa = PBXFileReference; lastKnownFileType = text.plist.xml; path = Info.plist; sourceTree = "<group>"; };
		55309C8F2B08238900F738EC /* pokedex2Tests.xctest */ = {isa = PBXFileReference; explicitFileType = wrapper.cfbundle; includeInIndex = 0; path = pokedex2Tests.xctest; sourceTree = BUILT_PRODUCTS_DIR; };
		55309C932B08238900F738EC /* pokedex2Tests.swift */ = {isa = PBXFileReference; lastKnownFileType = sourcecode.swift; path = pokedex2Tests.swift; sourceTree = "<group>"; };
		55309C992B08238900F738EC /* pokedex2UITests.xctest */ = {isa = PBXFileReference; explicitFileType = wrapper.cfbundle; includeInIndex = 0; path = pokedex2UITests.xctest; sourceTree = BUILT_PRODUCTS_DIR; };
		55309C9D2B08238900F738EC /* pokedex2UITests.swift */ = {isa = PBXFileReference; lastKnownFileType = sourcecode.swift; path = pokedex2UITests.swift; sourceTree = "<group>"; };
		55309C9F2B08238900F738EC /* pokedex2UITestsLaunchTests.swift */ = {isa = PBXFileReference; lastKnownFileType = sourcecode.swift; path = pokedex2UITestsLaunchTests.swift; sourceTree = "<group>"; };
		55309CAC2B08241400F738EC /* PokemonListTbleViewController.swift */ = {isa = PBXFileReference; lastKnownFileType = sourcecode.swift; path = PokemonListTbleViewController.swift; sourceTree = "<group>"; };
		55309CAE2B0825CF00F738EC /* PokemonListViewModel.swift */ = {isa = PBXFileReference; lastKnownFileType = sourcecode.swift; path = PokemonListViewModel.swift; sourceTree = "<group>"; };
		55309CB02B08271800F738EC /* pokemon_list.json */ = {isa = PBXFileReference; fileEncoding = 4; lastKnownFileType = text.json; path = pokemon_list.json; sourceTree = "<group>"; };
		55309CB22B08279000F738EC /* Pokemon.swift */ = {isa = PBXFileReference; lastKnownFileType = sourcecode.swift; path = Pokemon.swift; sourceTree = "<group>"; };
/* End PBXFileReference section */

/* Begin PBXFrameworksBuildPhase section */
		55309C762B08238800F738EC /* Frameworks */ = {
			isa = PBXFrameworksBuildPhase;
			buildActionMask = 2147483647;
			files = (
			);
			runOnlyForDeploymentPostprocessing = 0;
		};
		55309C8C2B08238900F738EC /* Frameworks */ = {
			isa = PBXFrameworksBuildPhase;
			buildActionMask = 2147483647;
			files = (
			);
			runOnlyForDeploymentPostprocessing = 0;
		};
		55309C962B08238900F738EC /* Frameworks */ = {
			isa = PBXFrameworksBuildPhase;
			buildActionMask = 2147483647;
			files = (
			);
			runOnlyForDeploymentPostprocessing = 0;
		};
/* End PBXFrameworksBuildPhase section */

/* Begin PBXGroup section */
		55309C702B08238800F738EC = {
			isa = PBXGroup;
			children = (
				55309C7B2B08238800F738EC /* pokedex2 */,
				55309C922B08238900F738EC /* pokedex2Tests */,
				55309C9C2B08238900F738EC /* pokedex2UITests */,
				55309C7A2B08238800F738EC /* Products */,
			);
			sourceTree = "<group>";
		};
		55309C7A2B08238800F738EC /* Products */ = {
			isa = PBXGroup;
			children = (
				55309C792B08238800F738EC /* pokedex2.app */,
				55309C8F2B08238900F738EC /* pokedex2Tests.xctest */,
				55309C992B08238900F738EC /* pokedex2UITests.xctest */,
			);
			name = Products;
			sourceTree = "<group>";
		};
		55309C7B2B08238800F738EC /* pokedex2 */ = {
			isa = PBXGroup;
			children = (
				55309C7C2B08238800F738EC /* AppDelegate.swift */,
				55309C7E2B08238800F738EC /* SceneDelegate.swift */,
				55309C802B08238800F738EC /* ViewController.swift */,
				55309CB02B08271800F738EC /* pokemon_list.json */,
				55309C822B08238800F738EC /* Main.storyboard */,
				55309C852B08238900F738EC /* Assets.xcassets */,
				55309C872B08238900F738EC /* LaunchScreen.storyboard */,
				55309C8A2B08238900F738EC /* Info.plist */,
				55309CAC2B08241400F738EC /* PokemonListTbleViewController.swift */,
				55309CAE2B0825CF00F738EC /* PokemonListViewModel.swift */,
				55309CB22B08279000F738EC /* Pokemon.swift */,
			);
			path = pokedex2;
			sourceTree = "<group>";
		};
		55309C922B08238900F738EC /* pokedex2Tests */ = {
			isa = PBXGroup;
			children = (
				55309C932B08238900F738EC /* pokedex2Tests.swift */,
			);
			path = pokedex2Tests;
			sourceTree = "<group>";
		};
		55309C9C2B08238900F738EC /* pokedex2UITests */ = {
			isa = PBXGroup;
			children = (
				55309C9D2B08238900F738EC /* pokedex2UITests.swift */,
				55309C9F2B08238900F738EC /* pokedex2UITestsLaunchTests.swift */,
			);
			path = pokedex2UITests;
			sourceTree = "<group>";
		};
/* End PBXGroup section */

/* Begin PBXNativeTarget section */
		55309C782B08238800F738EC /* pokedex2 */ = {
			isa = PBXNativeTarget;
			buildConfigurationList = 55309CA32B08238900F738EC /* Build configuration list for PBXNativeTarget "pokedex2" */;
			buildPhases = (
				55309C752B08238800F738EC /* Sources */,
				55309C762B08238800F738EC /* Frameworks */,
				55309C772B08238800F738EC /* Resources */,
			);
			buildRules = (
			);
			dependencies = (
			);
			name = pokedex2;
			productName = pokedex2;
			productReference = 55309C792B08238800F738EC /* pokedex2.app */;
			productType = "com.apple.product-type.application";
		};
		55309C8E2B08238900F738EC /* pokedex2Tests */ = {
			isa = PBXNativeTarget;
			buildConfigurationList = 55309CA62B08238900F738EC /* Build configuration list for PBXNativeTarget "pokedex2Tests" */;
			buildPhases = (
				55309C8B2B08238900F738EC /* Sources */,
				55309C8C2B08238900F738EC /* Frameworks */,
				55309C8D2B08238900F738EC /* Resources */,
			);
			buildRules = (
			);
			dependencies = (
				55309C912B08238900F738EC /* PBXTargetDependency */,
			);
			name = pokedex2Tests;
			productName = pokedex2Tests;
			productReference = 55309C8F2B08238900F738EC /* pokedex2Tests.xctest */;
			productType = "com.apple.product-type.bundle.unit-test";
		};
		55309C982B08238900F738EC /* pokedex2UITests */ = {
			isa = PBXNativeTarget;
			buildConfigurationList = 55309CA92B08238900F738EC /* Build configuration list for PBXNativeTarget "pokedex2UITests" */;
			buildPhases = (
				55309C952B08238900F738EC /* Sources */,
				55309C962B08238900F738EC /* Frameworks */,
				55309C972B08238900F738EC /* Resources */,
			);
			buildRules = (
			);
			dependencies = (
				55309C9B2B08238900F738EC /* PBXTargetDependency */,
			);
			name = pokedex2UITests;
			productName = pokedex2UITests;
			productReference = 55309C992B08238900F738EC /* pokedex2UITests.xctest */;
			productType = "com.apple.product-type.bundle.ui-testing";
		};
/* End PBXNativeTarget section */

/* Begin PBXProject section */
		55309C712B08238800F738EC /* Project object */ = {
			isa = PBXProject;
			attributes = {
				BuildIndependentTargetsInParallel = 1;
				LastSwiftUpdateCheck = 1500;
				LastUpgradeCheck = 1500;
				TargetAttributes = {
					55309C782B08238800F738EC = {
						CreatedOnToolsVersion = 15.0;
					};
					55309C8E2B08238900F738EC = {
						CreatedOnToolsVersion = 15.0;
						TestTargetID = 55309C782B08238800F738EC;
					};
					55309C982B08238900F738EC = {
						CreatedOnToolsVersion = 15.0;
						TestTargetID = 55309C782B08238800F738EC;
					};
				};
			};
			buildConfigurationList = 55309C742B08238800F738EC /* Build configuration list for PBXProject "pokedex2" */;
			compatibilityVersion = "Xcode 14.0";
			developmentRegion = en;
			hasScannedForEncodings = 0;
			knownRegions = (
				en,
				Base,
			);
			mainGroup = 55309C702B08238800F738EC;
			productRefGroup = 55309C7A2B08238800F738EC /* Products */;
			projectDirPath = "";
			projectRoot = "";
			targets = (
				55309C782B08238800F738EC /* pokedex2 */,
				55309C8E2B08238900F738EC /* pokedex2Tests */,
				55309C982B08238900F738EC /* pokedex2UITests */,
			);
		};
/* End PBXProject section */

/* Begin PBXResourcesBuildPhase section */
		55309C772B08238800F738EC /* Resources */ = {
			isa = PBXResourcesBuildPhase;
			buildActionMask = 2147483647;
			files = (
				55309C892B08238900F738EC /* LaunchScreen.storyboard in Resources */,
				55309CB12B08271800F738EC /* pokemon_list.json in Resources */,
				55309C862B08238900F738EC /* Assets.xcassets in Resources */,
				55309C842B08238800F738EC /* Main.storyboard in Resources */,
			);
			runOnlyForDeploymentPostprocessing = 0;
		};
		55309C8D2B08238900F738EC /* Resources */ = {
			isa = PBXResourcesBuildPhase;
			buildActionMask = 2147483647;
			files = (
			);
			runOnlyForDeploymentPostprocessing = 0;
		};
		55309C972B08238900F738EC /* Resources */ = {
			isa = PBXResourcesBuildPhase;
			buildActionMask = 2147483647;
			files = (
			);
			runOnlyForDeploymentPostprocessing = 0;
		};
/* End PBXResourcesBuildPhase section */

/* Begin PBXSourcesBuildPhase section */
		55309C752B08238800F738EC /* Sources */ = {
			isa = PBXSourcesBuildPhase;
			buildActionMask = 2147483647;
			files = (
				55309C812B08238800F738EC /* ViewController.swift in Sources */,
				55309CAD2B08241400F738EC /* PokemonListTbleViewController.swift in Sources */,
				55309C7D2B08238800F738EC /* AppDelegate.swift in Sources */,
				55309CAF2B0825CF00F738EC /* PokemonListViewModel.swift in Sources */,
				55309C7F2B08238800F738EC /* SceneDelegate.swift in Sources */,
				55309CB32B08279000F738EC /* Pokemon.swift in Sources */,
			);
			runOnlyForDeploymentPostprocessing = 0;
		};
		55309C8B2B08238900F738EC /* Sources */ = {
			isa = PBXSourcesBuildPhase;
			buildActionMask = 2147483647;
			files = (
				55309C942B08238900F738EC /* pokedex2Tests.swift in Sources */,
			);
			runOnlyForDeploymentPostprocessing = 0;
		};
		55309C952B08238900F738EC /* Sources */ = {
			isa = PBXSourcesBuildPhase;
			buildActionMask = 2147483647;
			files = (
				55309CA02B08238900F738EC /* pokedex2UITestsLaunchTests.swift in Sources */,
				55309C9E2B08238900F738EC /* pokedex2UITests.swift in Sources */,
			);
			runOnlyForDeploymentPostprocessing = 0;
		};
/* End PBXSourcesBuildPhase section */

/* Begin PBXTargetDependency section */
		55309C912B08238900F738EC /* PBXTargetDependency */ = {
			isa = PBXTargetDependency;
			target = 55309C782B08238800F738EC /* pokedex2 */;
			targetProxy = 55309C902B08238900F738EC /* PBXContainerItemProxy */;
		};
		55309C9B2B08238900F738EC /* PBXTargetDependency */ = {
			isa = PBXTargetDependency;
			target = 55309C782B08238800F738EC /* pokedex2 */;
			targetProxy = 55309C9A2B08238900F738EC /* PBXContainerItemProxy */;
		};
/* End PBXTargetDependency section */

/* Begin PBXVariantGroup section */
		55309C822B08238800F738EC /* Main.storyboard */ = {
			isa = PBXVariantGroup;
			children = (
				55309C832B08238800F738EC /* Base */,
			);
			name = Main.storyboard;
			sourceTree = "<group>";
		};
		55309C872B08238900F738EC /* LaunchScreen.storyboard */ = {
			isa = PBXVariantGroup;
			children = (
				55309C882B08238900F738EC /* Base */,
			);
			name = LaunchScreen.storyboard;
			sourceTree = "<group>";
		};
/* End PBXVariantGroup section */

/* Begin XCBuildConfiguration section */
		55309CA12B08238900F738EC /* Debug */ = {
			isa = XCBuildConfiguration;
			buildSettings = {
				ALWAYS_SEARCH_USER_PATHS = NO;
				ASSETCATALOG_COMPILER_GENERATE_SWIFT_ASSET_SYMBOL_EXTENSIONS = YES;
				CLANG_ANALYZER_NONNULL = YES;
				CLANG_ANALYZER_NUMBER_OBJECT_CONVERSION = YES_AGGRESSIVE;
				CLANG_CXX_LANGUAGE_STANDARD = "gnu++20";
				CLANG_ENABLE_MODULES = YES;
				CLANG_ENABLE_OBJC_ARC = YES;
				CLANG_ENABLE_OBJC_WEAK = YES;
				CLANG_WARN_BLOCK_CAPTURE_AUTORELEASING = YES;
				CLANG_WARN_BOOL_CONVERSION = YES;
				CLANG_WARN_COMMA = YES;
				CLANG_WARN_CONSTANT_CONVERSION = YES;
				CLANG_WARN_DEPRECATED_OBJC_IMPLEMENTATIONS = YES;
				CLANG_WARN_DIRECT_OBJC_ISA_USAGE = YES_ERROR;
				CLANG_WARN_DOCUMENTATION_COMMENTS = YES;
				CLANG_WARN_EMPTY_BODY = YES;
				CLANG_WARN_ENUM_CONVERSION = YES;
				CLANG_WARN_INFINITE_RECURSION = YES;
				CLANG_WARN_INT_CONVERSION = YES;
				CLANG_WARN_NON_LITERAL_NULL_CONVERSION = YES;
				CLANG_WARN_OBJC_IMPLICIT_RETAIN_SELF = YES;
				CLANG_WARN_OBJC_LITERAL_CONVERSION = YES;
				CLANG_WARN_OBJC_ROOT_CLASS = YES_ERROR;
				CLANG_WARN_QUOTED_INCLUDE_IN_FRAMEWORK_HEADER = YES;
				CLANG_WARN_RANGE_LOOP_ANALYSIS = YES;
				CLANG_WARN_STRICT_PROTOTYPES = YES;
				CLANG_WARN_SUSPICIOUS_MOVE = YES;
				CLANG_WARN_UNGUARDED_AVAILABILITY = YES_AGGRESSIVE;
				CLANG_WARN_UNREACHABLE_CODE = YES;
				CLANG_WARN__DUPLICATE_METHOD_MATCH = YES;
				COPY_PHASE_STRIP = NO;
				DEBUG_INFORMATION_FORMAT = dwarf;
				ENABLE_STRICT_OBJC_MSGSEND = YES;
				ENABLE_TESTABILITY = YES;
				ENABLE_USER_SCRIPT_SANDBOXING = YES;
				GCC_C_LANGUAGE_STANDARD = gnu17;
				GCC_DYNAMIC_NO_PIC = NO;
				GCC_NO_COMMON_BLOCKS = YES;
				GCC_OPTIMIZATION_LEVEL = 0;
				GCC_PREPROCESSOR_DEFINITIONS = (
					"DEBUG=1",
					"$(inherited)",
				);
				GCC_WARN_64_TO_32_BIT_CONVERSION = YES;
				GCC_WARN_ABOUT_RETURN_TYPE = YES_ERROR;
				GCC_WARN_UNDECLARED_SELECTOR = YES;
				GCC_WARN_UNINITIALIZED_AUTOS = YES_AGGRESSIVE;
				GCC_WARN_UNUSED_FUNCTION = YES;
				GCC_WARN_UNUSED_VARIABLE = YES;
				IPHONEOS_DEPLOYMENT_TARGET = 17.0;
				LOCALIZATION_PREFERS_STRING_CATALOGS = YES;
				MTL_ENABLE_DEBUG_INFO = INCLUDE_SOURCE;
				MTL_FAST_MATH = YES;
				ONLY_ACTIVE_ARCH = YES;
				SDKROOT = iphoneos;
				SWIFT_ACTIVE_COMPILATION_CONDITIONS = "DEBUG $(inherited)";
				SWIFT_OPTIMIZATION_LEVEL = "-Onone";
			};
			name = Debug;
		};
		55309CA22B08238900F738EC /* Release */ = {
			isa = XCBuildConfiguration;
			buildSettings = {
				ALWAYS_SEARCH_USER_PATHS = NO;
				ASSETCATALOG_COMPILER_GENERATE_SWIFT_ASSET_SYMBOL_EXTENSIONS = YES;
				CLANG_ANALYZER_NONNULL = YES;
				CLANG_ANALYZER_NUMBER_OBJECT_CONVERSION = YES_AGGRESSIVE;
				CLANG_CXX_LANGUAGE_STANDARD = "gnu++20";
				CLANG_ENABLE_MODULES = YES;
				CLANG_ENABLE_OBJC_ARC = YES;
				CLANG_ENABLE_OBJC_WEAK = YES;
				CLANG_WARN_BLOCK_CAPTURE_AUTORELEASING = YES;
				CLANG_WARN_BOOL_CONVERSION = YES;
				CLANG_WARN_COMMA = YES;
				CLANG_WARN_CONSTANT_CONVERSION = YES;
				CLANG_WARN_DEPRECATED_OBJC_IMPLEMENTATIONS = YES;
				CLANG_WARN_DIRECT_OBJC_ISA_USAGE = YES_ERROR;
				CLANG_WARN_DOCUMENTATION_COMMENTS = YES;
				CLANG_WARN_EMPTY_BODY = YES;
				CLANG_WARN_ENUM_CONVERSION = YES;
				CLANG_WARN_INFINITE_RECURSION = YES;
				CLANG_WARN_INT_CONVERSION = YES;
				CLANG_WARN_NON_LITERAL_NULL_CONVERSION = YES;
				CLANG_WARN_OBJC_IMPLICIT_RETAIN_SELF = YES;
				CLANG_WARN_OBJC_LITERAL_CONVERSION = YES;
				CLANG_WARN_OBJC_ROOT_CLASS = YES_ERROR;
				CLANG_WARN_QUOTED_INCLUDE_IN_FRAMEWORK_HEADER = YES;
				CLANG_WARN_RANGE_LOOP_ANALYSIS = YES;
				CLANG_WARN_STRICT_PROTOTYPES = YES;
				CLANG_WARN_SUSPICIOUS_MOVE = YES;
				CLANG_WARN_UNGUARDED_AVAILABILITY = YES_AGGRESSIVE;
				CLANG_WARN_UNREACHABLE_CODE = YES;
				CLANG_WARN__DUPLICATE_METHOD_MATCH = YES;
				COPY_PHASE_STRIP = NO;
				DEBUG_INFORMATION_FORMAT = "dwarf-with-dsym";
				ENABLE_NS_ASSERTIONS = NO;
				ENABLE_STRICT_OBJC_MSGSEND = YES;
				ENABLE_USER_SCRIPT_SANDBOXING = YES;
				GCC_C_LANGUAGE_STANDARD = gnu17;
				GCC_NO_COMMON_BLOCKS = YES;
				GCC_WARN_64_TO_32_BIT_CONVERSION = YES;
				GCC_WARN_ABOUT_RETURN_TYPE = YES_ERROR;
				GCC_WARN_UNDECLARED_SELECTOR = YES;
				GCC_WARN_UNINITIALIZED_AUTOS = YES_AGGRESSIVE;
				GCC_WARN_UNUSED_FUNCTION = YES;
				GCC_WARN_UNUSED_VARIABLE = YES;
				IPHONEOS_DEPLOYMENT_TARGET = 17.0;
				LOCALIZATION_PREFERS_STRING_CATALOGS = YES;
				MTL_ENABLE_DEBUG_INFO = NO;
				MTL_FAST_MATH = YES;
				SDKROOT = iphoneos;
				SWIFT_COMPILATION_MODE = wholemodule;
				VALIDATE_PRODUCT = YES;
			};
			name = Release;
		};
		55309CA42B08238900F738EC /* Debug */ = {
			isa = XCBuildConfiguration;
			buildSettings = {
				ASSETCATALOG_COMPILER_APPICON_NAME = AppIcon;
				ASSETCATALOG_COMPILER_GLOBAL_ACCENT_COLOR_NAME = AccentColor;
				CODE_SIGN_STYLE = Automatic;
				CURRENT_PROJECT_VERSION = 1;
				GENERATE_INFOPLIST_FILE = YES;
				INFOPLIST_FILE = pokedex2/Info.plist;
				INFOPLIST_KEY_UIApplicationSupportsIndirectInputEvents = YES;
				INFOPLIST_KEY_UILaunchStoryboardName = LaunchScreen;
				INFOPLIST_KEY_UIMainStoryboardFile = Main;
				INFOPLIST_KEY_UISupportedInterfaceOrientations_iPad = "UIInterfaceOrientationPortrait UIInterfaceOrientationPortraitUpsideDown UIInterfaceOrientationLandscapeLeft UIInterfaceOrientationLandscapeRight";
				INFOPLIST_KEY_UISupportedInterfaceOrientations_iPhone = "UIInterfaceOrientationPortrait UIInterfaceOrientationLandscapeLeft UIInterfaceOrientationLandscapeRight";
				LD_RUNPATH_SEARCH_PATHS = (
					"$(inherited)",
					"@executable_path/Frameworks",
				);
				MARKETING_VERSION = 1.0;
				PRODUCT_BUNDLE_IDENTIFIER = myOrg.pokedex2;
				PRODUCT_NAME = "$(TARGET_NAME)";
				SWIFT_EMIT_LOC_STRINGS = YES;
				SWIFT_VERSION = 5.0;
				TARGETED_DEVICE_FAMILY = "1,2";
			};
			name = Debug;
		};
		55309CA52B08238900F738EC /* Release */ = {
			isa = XCBuildConfiguration;
			buildSettings = {
				ASSETCATALOG_COMPILER_APPICON_NAME = AppIcon;
				ASSETCATALOG_COMPILER_GLOBAL_ACCENT_COLOR_NAME = AccentColor;
				CODE_SIGN_STYLE = Automatic;
				CURRENT_PROJECT_VERSION = 1;
				GENERATE_INFOPLIST_FILE = YES;
				INFOPLIST_FILE = pokedex2/Info.plist;
				INFOPLIST_KEY_UIApplicationSupportsIndirectInputEvents = YES;
				INFOPLIST_KEY_UILaunchStoryboardName = LaunchScreen;
				INFOPLIST_KEY_UIMainStoryboardFile = Main;
				INFOPLIST_KEY_UISupportedInterfaceOrientations_iPad = "UIInterfaceOrientationPortrait UIInterfaceOrientationPortraitUpsideDown UIInterfaceOrientationLandscapeLeft UIInterfaceOrientationLandscapeRight";
				INFOPLIST_KEY_UISupportedInterfaceOrientations_iPhone = "UIInterfaceOrientationPortrait UIInterfaceOrientationLandscapeLeft UIInterfaceOrientationLandscapeRight";
				LD_RUNPATH_SEARCH_PATHS = (
					"$(inherited)",
					"@executable_path/Frameworks",
				);
				MARKETING_VERSION = 1.0;
				PRODUCT_BUNDLE_IDENTIFIER = myOrg.pokedex2;
				PRODUCT_NAME = "$(TARGET_NAME)";
				SWIFT_EMIT_LOC_STRINGS = YES;
				SWIFT_VERSION = 5.0;
				TARGETED_DEVICE_FAMILY = "1,2";
			};
			name = Release;
		};
		55309CA72B08238900F738EC /* Debug */ = {
			isa = XCBuildConfiguration;
			buildSettings = {
				ALWAYS_EMBED_SWIFT_STANDARD_LIBRARIES = YES;
				BUNDLE_LOADER = "$(TEST_HOST)";
				CODE_SIGN_STYLE = Automatic;
				CURRENT_PROJECT_VERSION = 1;
				GENERATE_INFOPLIST_FILE = YES;
				IPHONEOS_DEPLOYMENT_TARGET = 17.0;
				MARKETING_VERSION = 1.0;
				PRODUCT_BUNDLE_IDENTIFIER = myOrg.pokedex2Tests;
				PRODUCT_NAME = "$(TARGET_NAME)";
				SWIFT_EMIT_LOC_STRINGS = NO;
				SWIFT_VERSION = 5.0;
				TARGETED_DEVICE_FAMILY = "1,2";
				TEST_HOST = "$(BUILT_PRODUCTS_DIR)/pokedex2.app/$(BUNDLE_EXECUTABLE_FOLDER_PATH)/pokedex2";
			};
			name = Debug;
		};
		55309CA82B08238900F738EC /* Release */ = {
			isa = XCBuildConfiguration;
			buildSettings = {
				ALWAYS_EMBED_SWIFT_STANDARD_LIBRARIES = YES;
				BUNDLE_LOADER = "$(TEST_HOST)";
				CODE_SIGN_STYLE = Automatic;
				CURRENT_PROJECT_VERSION = 1;
				GENERATE_INFOPLIST_FILE = YES;
				IPHONEOS_DEPLOYMENT_TARGET = 17.0;
				MARKETING_VERSION = 1.0;
				PRODUCT_BUNDLE_IDENTIFIER = myOrg.pokedex2Tests;
				PRODUCT_NAME = "$(TARGET_NAME)";
				SWIFT_EMIT_LOC_STRINGS = NO;
				SWIFT_VERSION = 5.0;
				TARGETED_DEVICE_FAMILY = "1,2";
				TEST_HOST = "$(BUILT_PRODUCTS_DIR)/pokedex2.app/$(BUNDLE_EXECUTABLE_FOLDER_PATH)/pokedex2";
			};
			name = Release;
		};
		55309CAA2B08238900F738EC /* Debug */ = {
			isa = XCBuildConfiguration;
			buildSettings = {
				ALWAYS_EMBED_SWIFT_STANDARD_LIBRARIES = YES;
				CODE_SIGN_STYLE = Automatic;
				CURRENT_PROJECT_VERSION = 1;
				GENERATE_INFOPLIST_FILE = YES;
				MARKETING_VERSION = 1.0;
				PRODUCT_BUNDLE_IDENTIFIER = myOrg.pokedex2UITests;
				PRODUCT_NAME = "$(TARGET_NAME)";
				SWIFT_EMIT_LOC_STRINGS = NO;
				SWIFT_VERSION = 5.0;
				TARGETED_DEVICE_FAMILY = "1,2";
				TEST_TARGET_NAME = pokedex2;
			};
			name = Debug;
		};
		55309CAB2B08238900F738EC /* Release */ = {
			isa = XCBuildConfiguration;
			buildSettings = {
				ALWAYS_EMBED_SWIFT_STANDARD_LIBRARIES = YES;
				CODE_SIGN_STYLE = Automatic;
				CURRENT_PROJECT_VERSION = 1;
				GENERATE_INFOPLIST_FILE = YES;
				MARKETING_VERSION = 1.0;
				PRODUCT_BUNDLE_IDENTIFIER = myOrg.pokedex2UITests;
				PRODUCT_NAME = "$(TARGET_NAME)";
				SWIFT_EMIT_LOC_STRINGS = NO;
				SWIFT_VERSION = 5.0;
				TARGETED_DEVICE_FAMILY = "1,2";
				TEST_TARGET_NAME = pokedex2;
			};
			name = Release;
		};
/* End XCBuildConfiguration section */

/* Begin XCConfigurationList section */
		55309C742B08238800F738EC /* Build configuration list for PBXProject "pokedex2" */ = {
			isa = XCConfigurationList;
			buildConfigurations = (
				55309CA12B08238900F738EC /* Debug */,
				55309CA22B08238900F738EC /* Release */,
			);
			defaultConfigurationIsVisible = 0;
			defaultConfigurationName = Release;
		};
		55309CA32B08238900F738EC /* Build configuration list for PBXNativeTarget "pokedex2" */ = {
			isa = XCConfigurationList;
			buildConfigurations = (
				55309CA42B08238900F738EC /* Debug */,
				55309CA52B08238900F738EC /* Release */,
			);
			defaultConfigurationIsVisible = 0;
			defaultConfigurationName = Release;
		};
		55309CA62B08238900F738EC /* Build configuration list for PBXNativeTarget "pokedex2Tests" */ = {
			isa = XCConfigurationList;
			buildConfigurations = (
				55309CA72B08238900F738EC /* Debug */,
				55309CA82B08238900F738EC /* Release */,
			);
			defaultConfigurationIsVisible = 0;
			defaultConfigurationName = Release;
		};
		55309CA92B08238900F738EC /* Build configuration list for PBXNativeTarget "pokedex2UITests" */ = {
			isa = XCConfigurationList;
			buildConfigurations = (
				55309CAA2B08238900F738EC /* Debug */,
				55309CAB2B08238900F738EC /* Release */,
			);
			defaultConfigurationIsVisible = 0;
			defaultConfigurationName = Release;
		};
/* End XCConfigurationList section */
	};
	rootObject = 55309C712B08238800F738EC /* Project object */;
}
